
Microsoft Visual Studio Solution File, Format Version 12.00
Project("{FAE04EC0-301F-11D3-BF4B-00C04F79EFBC}") = "Contacts.Desktop", "src\Contacts.Desktop\Contacts.Desktop.csproj", "{270C357B-B722-4D1D-8333-E24CE01E902E}"
EndProject
Project("{2150E333-8FDC-42A3-9474-1A3956D46DE8}") = "src", "src", "{7E05DD11-C1BB-4754-B537-1B8A3002107E}"
EndProject
Project("{2150E333-8FDC-42A3-9474-1A3956D46DE8}") = "test", "test", "{04EC7F5A-941C-4FC8-A32C-EF9EBB9EB9CF}"
EndProject
Project("{FAE04EC0-301F-11D3-BF4B-00C04F79EFBC}") = "Contacts.Desktop.Tests", "test\Contacts.Desktop.Tests\Contacts.Desktop.Tests.csproj", "{BA0123F4-82F0-441C-952C-F5ECCBDEE643}"
EndProject
Global
	GlobalSection(SolutionConfigurationPlatforms) = preSolution
		Debug|Any CPU = Debug|Any CPU
		Release|Any CPU = Release|Any CPU
	EndGlobalSection
	GlobalSection(ProjectConfigurationPlatforms) = postSolution
		{270C357B-B722-4D1D-8333-E24CE01E902E}.Debug|Any CPU.ActiveCfg = Debug|Any CPU
		{270C357B-B722-4D1D-8333-E24CE01E902E}.Debug|Any CPU.Build.0 = Debug|Any CPU
		{270C357B-B722-4D1D-8333-E24CE01E902E}.Release|Any CPU.ActiveCfg = Release|Any CPU
		{270C357B-B722-4D1D-8333-E24CE01E902E}.Release|Any CPU.Build.0 = Release|Any CPU
		{BA0123F4-82F0-441C-952C-F5ECCBDEE643}.Debug|Any CPU.ActiveCfg = Debug|Any CPU
		{BA0123F4-82F0-441C-952C-F5ECCBDEE643}.Debug|Any CPU.Build.0 = Debug|Any CPU
		{BA0123F4-82F0-441C-952C-F5ECCBDEE643}.Release|Any CPU.ActiveCfg = Release|Any CPU
		{BA0123F4-82F0-441C-952C-F5ECCBDEE643}.Release|Any CPU.Build.0 = Release|Any CPU
	EndGlobalSection
	GlobalSection(NestedProjects) = preSolution
		{270C357B-B722-4D1D-8333-E24CE01E902E} = {7E05DD11-C1BB-4754-B537-1B8A3002107E}
		{BA0123F4-82F0-441C-952C-F5ECCBDEE643} = {04EC7F5A-941C-4FC8-A32C-EF9EBB9EB9CF}
	EndGlobalSection
EndGlobal
